Microsoft Visual Studio Solution File, Format Version 12.00
# Visual Studio 2013
VisualStudioVersion = 12.0.30501.0
MinimumVisualStudioVersion = 10.0.40219.1
Project("{FAE04EC0-301F-11D3-BF4B-00C04F79EFBC}") = "C5", "C5\C5.csproj", "{D02E0664-C56C-4C3F-98E5-C8EC881A8439}"
EndProject
Project("{FAE04EC0-301F-11D3-BF4B-00C04F79EFBC}") = "C5.Tests", "C5.Tests\C5.Tests.csproj", "{08CBFDEB-A2E2-4F0E-A4E1-B996B05569DE}"
EndProject
Project("{FAE04EC0-301F-11D3-BF4B-00C04F79EFBC}") = "C5.UserGuideExamples", "C5.UserGuideExamples\C5.UserGuideExamples.csproj", "{B2A29FF2-A5C5-4F07-8CE7-FF5D744D7562}"
EndProject
Project("{FAE04EC0-301F-11D3-BF4B-00C04F79EFBC}") = "C5.Intervals", "C5.Intervals\C5.Intervals.csproj", "{6C61DD88-12EC-4A7D-907C-56A8FD72EDB2}"
EndProject
Project("{FAE04EC0-301F-11D3-BF4B-00C04F79EFBC}") = "C5.Intervals.Tests", "C5.Intervals.Tests\C5.Intervals.Tests.csproj", "{FCE2DE54-8506-43BF-AA94-07706B08A527}"
EndProject
Project("{2150E333-8FDC-42A3-9474-1A3956D46DE8}") = "src", "src", "{F1DF39E6-2EC8-4593-A01C-6C1A842CEDBD}"
EndProject
Project("{2150E333-8FDC-42A3-9474-1A3956D46DE8}") = "misc", "misc", "{F782F9F0-F60C-42D5-A643-8F5167336548}"
	ProjectSection(SolutionItems) = preProject
		C5.sln.DotSettings = C5.sln.DotSettings
		nuget.config = nuget.config
		SolutionAssemblyInfo.cs = SolutionAssemblyInfo.cs
	EndProjectSection
EndProject
Project("{2150E333-8FDC-42A3-9474-1A3956D46DE8}") = "lib", "lib", "{34B0E5B6-15D4-4311-8DF8-8DD9C92C1A21}"
	ProjectSection(SolutionItems) = preProject
		..\lib\repositories.config = ..\lib\repositories.config
	EndProjectSection
EndProject
Project("{2150E333-8FDC-42A3-9474-1A3956D46DE8}") = "Test", "Test", "{6B1E9928-8FFA-49B9-A849-A13A4D0A4632}"
EndProject
Project("{2150E333-8FDC-42A3-9474-1A3956D46DE8}") = "Examples", "Examples", "{3048F91A-1E0C-47FB-BB92-527E34802DF9}"
EndProject
Global
	GlobalSection(SolutionConfigurationPlatforms) = preSolution
		CodeAnalysis|Any CPU = CodeAnalysis|Any CPU
		Debug|Any CPU = Debug|Any CPU
		Release|Any CPU = Release|Any CPU
	EndGlobalSection
	GlobalSection(ProjectConfigurationPlatforms) = postSolution
		{D02E0664-C56C-4C3F-98E5-C8EC881A8439}.CodeAnalysis|Any CPU.ActiveCfg = Release|Any CPU
		{D02E0664-C56C-4C3F-98E5-C8EC881A8439}.CodeAnalysis|Any CPU.Build.0 = Release|Any CPU
		{D02E0664-C56C-4C3F-98E5-C8EC881A8439}.Debug|Any CPU.ActiveCfg = Debug|Any CPU
		{D02E0664-C56C-4C3F-98E5-C8EC881A8439}.Debug|Any CPU.Build.0 = Debug|Any CPU
		{D02E0664-C56C-4C3F-98E5-C8EC881A8439}.Release|Any CPU.ActiveCfg = Release|Any CPU
		{D02E0664-C56C-4C3F-98E5-C8EC881A8439}.Release|Any CPU.Build.0 = Release|Any CPU
		{08CBFDEB-A2E2-4F0E-A4E1-B996B05569DE}.CodeAnalysis|Any CPU.ActiveCfg = CodeAnalysis|Any CPU
		{08CBFDEB-A2E2-4F0E-A4E1-B996B05569DE}.CodeAnalysis|Any CPU.Build.0 = CodeAnalysis|Any CPU
		{08CBFDEB-A2E2-4F0E-A4E1-B996B05569DE}.Debug|Any CPU.ActiveCfg = Debug|Any CPU
		{08CBFDEB-A2E2-4F0E-A4E1-B996B05569DE}.Debug|Any CPU.Build.0 = Debug|Any CPU
		{08CBFDEB-A2E2-4F0E-A4E1-B996B05569DE}.Release|Any CPU.ActiveCfg = Release|Any CPU
		{08CBFDEB-A2E2-4F0E-A4E1-B996B05569DE}.Release|Any CPU.Build.0 = Release|Any CPU
		{B2A29FF2-A5C5-4F07-8CE7-FF5D744D7562}.CodeAnalysis|Any CPU.ActiveCfg = CodeAnalysis|Any CPU
		{B2A29FF2-A5C5-4F07-8CE7-FF5D744D7562}.Debug|Any CPU.ActiveCfg = Debug|Any CPU
		{B2A29FF2-A5C5-4F07-8CE7-FF5D744D7562}.Debug|Any CPU.Build.0 = Debug|Any CPU
		{B2A29FF2-A5C5-4F07-8CE7-FF5D744D7562}.Release|Any CPU.ActiveCfg = Release|Any CPU
		{B2A29FF2-A5C5-4F07-8CE7-FF5D744D7562}.Release|Any CPU.Build.0 = Release|Any CPU
		{6C61DD88-12EC-4A7D-907C-56A8FD72EDB2}.CodeAnalysis|Any CPU.ActiveCfg = CodeAnalysis|Any CPU
		{6C61DD88-12EC-4A7D-907C-56A8FD72EDB2}.CodeAnalysis|Any CPU.Build.0 = CodeAnalysis|Any CPU
		{6C61DD88-12EC-4A7D-907C-56A8FD72EDB2}.Debug|Any CPU.ActiveCfg = Debug|Any CPU
		{6C61DD88-12EC-4A7D-907C-56A8FD72EDB2}.Debug|Any CPU.Build.0 = Debug|Any CPU
		{6C61DD88-12EC-4A7D-907C-56A8FD72EDB2}.Release|Any CPU.ActiveCfg = Release|Any CPU
		{6C61DD88-12EC-4A7D-907C-56A8FD72EDB2}.Release|Any CPU.Build.0 = Release|Any CPU
		{FCE2DE54-8506-43BF-AA94-07706B08A527}.CodeAnalysis|Any CPU.ActiveCfg = CodeAnalysis|Any CPU
		{FCE2DE54-8506-43BF-AA94-07706B08A527}.CodeAnalysis|Any CPU.Build.0 = CodeAnalysis|Any CPU
		{FCE2DE54-8506-43BF-AA94-07706B08A527}.Debug|Any CPU.ActiveCfg = Debug|Any CPU
		{FCE2DE54-8506-43BF-AA94-07706B08A527}.Debug|Any CPU.Build.0 = Debug|Any CPU
		{FCE2DE54-8506-43BF-AA94-07706B08A527}.Release|Any CPU.ActiveCfg = Release|Any CPU
		{FCE2DE54-8506-43BF-AA94-07706B08A527}.Release|Any CPU.Build.0 = Release|Any CPU
	EndGlobalSection
	GlobalSection(SolutionProperties) = preSolution
		HideSolutionNode = FALSE
	EndGlobalSection
	GlobalSection(NestedProjects) = preSolution
		{D02E0664-C56C-4C3F-98E5-C8EC881A8439} = {F1DF39E6-2EC8-4593-A01C-6C1A842CEDBD}
		{08CBFDEB-A2E2-4F0E-A4E1-B996B05569DE} = {6B1E9928-8FFA-49B9-A849-A13A4D0A4632}
		{B2A29FF2-A5C5-4F07-8CE7-FF5D744D7562} = {3048F91A-1E0C-47FB-BB92-527E34802DF9}
		{6C61DD88-12EC-4A7D-907C-56A8FD72EDB2} = {F1DF39E6-2EC8-4593-A01C-6C1A842CEDBD}
		{FCE2DE54-8506-43BF-AA94-07706B08A527} = {6B1E9928-8FFA-49B9-A849-A13A4D0A4632}
		{6B1E9928-8FFA-49B9-A849-A13A4D0A4632} = {F1DF39E6-2EC8-4593-A01C-6C1A842CEDBD}
		{3048F91A-1E0C-47FB-BB92-527E34802DF9} = {F1DF39E6-2EC8-4593-A01C-6C1A842CEDBD}
	EndGlobalSection
EndGlobal
